
Microsoft Visual Studio Solution File, Format Version 12.00
# Visual Studio Version 17
VisualStudioVersion = 17.14.36401.2
MinimumVisualStudioVersion = 10.0.40219.1
Project("{8BC9CEB8-8B4A-11D0-8D11-00A0C91BC942}") = "01_SwapChain", "01_SwapChain\01_SwapChain.vcxproj", "{71858A52-421D-460D-8FB0-956CB4CB08E0}"
EndProject
Project("{8BC9CEB8-8B4A-11D0-8D11-00A0C91BC942}") = "Common", "Common\Common.vcxproj", "{C545BC06-5D73-4514-8911-2F8635776B1B}"
EndProject
Project("{8BC9CEB8-8B4A-11D0-8D11-00A0C91BC942}") = "02_Triangle", "02_Triangle\02_Triangle.vcxproj", "{0717D3F1-C5CE-415E-826B-FAA872BDF84D}"
EndProject
Project("{8BC9CEB8-8B4A-11D0-8D11-00A0C91BC942}") = "03_ColoredRectangle", "03_ColoredRectangle\03_ColoredRectangle.vcxproj", "{128CBC5A-4D26-4615-85FA-F11D0D5A4D6F}"
EndProject
Project("{8BC9CEB8-8B4A-11D0-8D11-00A0C91BC942}") = "04_Transform", "04_Transform\04_Transform.vcxproj", "{7E726B42-45B4-4EBE-8446-587B9F6C6ED6}"
EndProject
Project("{8BC9CEB8-8B4A-11D0-8D11-00A0C91BC942}") = "05_Lighting", "05_Lighting\05_Lighting.vcxproj", "{79932984-B1F5-430C-B51D-E5DD6DE9D9ED}"
EndProject
Project("{8BC9CEB8-8B4A-11D0-8D11-00A0C91BC942}") = "06_Blinn-Phong", "06_Blinn-Phong\06_Blinn-Phong.vcxproj", "{694D50AD-69F2-4541-AD01-1C5B7E9B554B}"
EndProject
Project("{8BC9CEB8-8B4A-11D0-8D11-00A0C91BC942}") = "07_NormalMapping", "07_NormalMapping\07_NormalMapping.vcxproj", "{C65712E4-B9C4-470D-88D9-C6EA5925B178}"
EndProject
Project("{8BC9CEB8-8B4A-11D0-8D11-00A0C91BC942}") = "08_FBXLoading", "08_FBXLoading\08_FBXLoading.vcxproj", "{5E8A3BAD-0BBA-4904-9148-602152E18928}"
EndProject
Project("{8BC9CEB8-8B4A-11D0-8D11-00A0C91BC942}") = "09_BoneTransformAnimation", "09_BoneTransformAnimation\09_BoneTransformAnimation.vcxproj", "{5B3C100D-D02A-4A75-BEFD-9A3FB78F8CE9}"
EndProject
Project("{8BC9CEB8-8B4A-11D0-8D11-00A0C91BC942}") = "10_SkinningAnimation", "10_SkinningAnimation\10_SkinningAnimation.vcxproj", "{DACAC3BF-712D-485A-A07E-DFD9E91BF036}"
EndProject
Project("{8BC9CEB8-8B4A-11D0-8D11-00A0C91BC942}") = "11_ToonShadingWithOutline", "11_ToonShadingWithOutline\11_ToonShadingWithOutline.vcxproj", "{EEB0F897-8887-4FD7-A2AC-E0540BD48D1F}"
EndProject
Project("{8BC9CEB8-8B4A-11D0-8D11-00A0C91BC942}") = "12_ShadowMapping", "12_ShadowMapping\12_ShadowMapping.vcxproj", "{72391F9F-C1F4-47EB-9159-0CA3C281D2A4}"
EndProject
Project("{8BC9CEB8-8B4A-11D0-8D11-00A0C91BC942}") = "13_BoundingVolumeHierarchy", "13_BoundingVolumeHierarchy\13_BoundingVolumeHierarchy.vcxproj", "{E0C0B6BE-B161-4D80-B138-A5D40C9BC1BA}"
EndProject
Global
	GlobalSection(SolutionConfigurationPlatforms) = preSolution
		Debug|x64 = Debug|x64
		Debug|x86 = Debug|x86
		Release|x64 = Release|x64
		Release|x86 = Release|x86
	EndGlobalSection
	GlobalSection(ProjectConfigurationPlatforms) = postSolution
		{71858A52-421D-460D-8FB0-956CB4CB08E0}.Debug|x64.ActiveCfg = Debug|x64
		{71858A52-421D-460D-8FB0-956CB4CB08E0}.Debug|x64.Build.0 = Debug|x64
		{71858A52-421D-460D-8FB0-956CB4CB08E0}.Debug|x86.ActiveCfg = Debug|Win32
		{71858A52-421D-460D-8FB0-956CB4CB08E0}.Debug|x86.Build.0 = Debug|Win32
		{71858A52-421D-460D-8FB0-956CB4CB08E0}.Release|x64.ActiveCfg = Release|x64
		{71858A52-421D-460D-8FB0-956CB4CB08E0}.Release|x64.Build.0 = Release|x64
		{71858A52-421D-460D-8FB0-956CB4CB08E0}.Release|x86.ActiveCfg = Release|Win32
		{71858A52-421D-460D-8FB0-956CB4CB08E0}.Release|x86.Build.0 = Release|Win32
		{C545BC06-5D73-4514-8911-2F8635776B1B}.Debug|x64.ActiveCfg = Debug|x64
		{C545BC06-5D73-4514-8911-2F8635776B1B}.Debug|x64.Build.0 = Debug|x64
		{C545BC06-5D73-4514-8911-2F8635776B1B}.Debug|x86.ActiveCfg = Debug|Win32
		{C545BC06-5D73-4514-8911-2F8635776B1B}.Debug|x86.Build.0 = Debug|Win32
		{C545BC06-5D73-4514-8911-2F8635776B1B}.Release|x64.ActiveCfg = Release|x64
		{C545BC06-5D73-4514-8911-2F8635776B1B}.Release|x64.Build.0 = Release|x64
		{C545BC06-5D73-4514-8911-2F8635776B1B}.Release|x86.ActiveCfg = Release|Win32
		{C545BC06-5D73-4514-8911-2F8635776B1B}.Release|x86.Build.0 = Release|Win32
		{0717D3F1-C5CE-415E-826B-FAA872BDF84D}.Debug|x64.ActiveCfg = Debug|x64
		{0717D3F1-C5CE-415E-826B-FAA872BDF84D}.Debug|x64.Build.0 = Debug|x64
		{0717D3F1-C5CE-415E-826B-FAA872BDF84D}.Debug|x86.ActiveCfg = Debug|Win32
		{0717D3F1-C5CE-415E-826B-FAA872BDF84D}.Debug|x86.Build.0 = Debug|Win32
		{0717D3F1-C5CE-415E-826B-FAA872BDF84D}.Release|x64.ActiveCfg = Release|x64
		{0717D3F1-C5CE-415E-826B-FAA872BDF84D}.Release|x64.Build.0 = Release|x64
		{0717D3F1-C5CE-415E-826B-FAA872BDF84D}.Release|x86.ActiveCfg = Release|Win32
		{0717D3F1-C5CE-415E-826B-FAA872BDF84D}.Release|x86.Build.0 = Release|Win32
		{128CBC5A-4D26-4615-85FA-F11D0D5A4D6F}.Debug|x64.ActiveCfg = Debug|x64
		{128CBC5A-4D26-4615-85FA-F11D0D5A4D6F}.Debug|x64.Build.0 = Debug|x64
		{128CBC5A-4D26-4615-85FA-F11D0D5A4D6F}.Debug|x86.ActiveCfg = Debug|Win32
		{128CBC5A-4D26-4615-85FA-F11D0D5A4D6F}.Debug|x86.Build.0 = Debug|Win32
		{128CBC5A-4D26-4615-85FA-F11D0D5A4D6F}.Release|x64.ActiveCfg = Release|x64
		{128CBC5A-4D26-4615-85FA-F11D0D5A4D6F}.Release|x64.Build.0 = Release|x64
		{128CBC5A-4D26-4615-85FA-F11D0D5A4D6F}.Release|x86.ActiveCfg = Release|Win32
		{128CBC5A-4D26-4615-85FA-F11D0D5A4D6F}.Release|x86.Build.0 = Release|Win32
		{7E726B42-45B4-4EBE-8446-587B9F6C6ED6}.Debug|x64.ActiveCfg = Debug|x64
		{7E726B42-45B4-4EBE-8446-587B9F6C6ED6}.Debug|x64.Build.0 = Debug|x64
		{7E726B42-45B4-4EBE-8446-587B9F6C6ED6}.Debug|x86.ActiveCfg = Debug|Win32
		{7E726B42-45B4-4EBE-8446-587B9F6C6ED6}.Debug|x86.Build.0 = Debug|Win32
		{7E726B42-45B4-4EBE-8446-587B9F6C6ED6}.Release|x64.ActiveCfg = Release|x64
		{7E726B42-45B4-4EBE-8446-587B9F6C6ED6}.Release|x64.Build.0 = Release|x64
		{7E726B42-45B4-4EBE-8446-587B9F6C6ED6}.Release|x86.ActiveCfg = Release|Win32
		{7E726B42-45B4-4EBE-8446-587B9F6C6ED6}.Release|x86.Build.0 = Release|Win32
		{79932984-B1F5-430C-B51D-E5DD6DE9D9ED}.Debug|x64.ActiveCfg = Debug|x64
		{79932984-B1F5-430C-B51D-E5DD6DE9D9ED}.Debug|x64.Build.0 = Debug|x64
		{79932984-B1F5-430C-B51D-E5DD6DE9D9ED}.Debug|x86.ActiveCfg = Debug|Win32
		{79932984-B1F5-430C-B51D-E5DD6DE9D9ED}.Debug|x86.Build.0 = Debug|Win32
		{79932984-B1F5-430C-B51D-E5DD6DE9D9ED}.Release|x64.ActiveCfg = Release|x64
		{79932984-B1F5-430C-B51D-E5DD6DE9D9ED}.Release|x64.Build.0 = Release|x64
		{79932984-B1F5-430C-B51D-E5DD6DE9D9ED}.Release|x86.ActiveCfg = Release|Win32
		{79932984-B1F5-430C-B51D-E5DD6DE9D9ED}.Release|x86.Build.0 = Release|Win32
		{694D50AD-69F2-4541-AD01-1C5B7E9B554B}.Debug|x64.ActiveCfg = Debug|x64
		{694D50AD-69F2-4541-AD01-1C5B7E9B554B}.Debug|x64.Build.0 = Debug|x64
		{694D50AD-69F2-4541-AD01-1C5B7E9B554B}.Debug|x86.ActiveCfg = Debug|Win32
		{694D50AD-69F2-4541-AD01-1C5B7E9B554B}.Debug|x86.Build.0 = Debug|Win32
		{694D50AD-69F2-4541-AD01-1C5B7E9B554B}.Release|x64.ActiveCfg = Release|x64
		{694D50AD-69F2-4541-AD01-1C5B7E9B554B}.Release|x64.Build.0 = Release|x64
		{694D50AD-69F2-4541-AD01-1C5B7E9B554B}.Release|x86.ActiveCfg = Release|Win32
		{694D50AD-69F2-4541-AD01-1C5B7E9B554B}.Release|x86.Build.0 = Release|Win32
		{C65712E4-B9C4-470D-88D9-C6EA5925B178}.Debug|x64.ActiveCfg = Debug|x64
		{C65712E4-B9C4-470D-88D9-C6EA5925B178}.Debug|x64.Build.0 = Debug|x64
		{C65712E4-B9C4-470D-88D9-C6EA5925B178}.Debug|x86.ActiveCfg = Debug|Win32
		{C65712E4-B9C4-470D-88D9-C6EA5925B178}.Debug|x86.Build.0 = Debug|Win32
		{C65712E4-B9C4-470D-88D9-C6EA5925B178}.Release|x64.ActiveCfg = Release|x64
		{C65712E4-B9C4-470D-88D9-C6EA5925B178}.Release|x64.Build.0 = Release|x64
		{C65712E4-B9C4-470D-88D9-C6EA5925B178}.Release|x86.ActiveCfg = Release|Win32
		{C65712E4-B9C4-470D-88D9-C6EA5925B178}.Release|x86.Build.0 = Release|Win32
		{5E8A3BAD-0BBA-4904-9148-602152E18928}.Debug|x64.ActiveCfg = Debug|x64
		{5E8A3BAD-0BBA-4904-9148-602152E18928}.Debug|x64.Build.0 = Debug|x64
		{5E8A3BAD-0BBA-4904-9148-602152E18928}.Debug|x86.ActiveCfg = Debug|Win32
		{5E8A3BAD-0BBA-4904-9148-602152E18928}.Debug|x86.Build.0 = Debug|Win32
		{5E8A3BAD-0BBA-4904-9148-602152E18928}.Release|x64.ActiveCfg = Release|x64
		{5E8A3BAD-0BBA-4904-9148-602152E18928}.Release|x64.Build.0 = Release|x64
		{5E8A3BAD-0BBA-4904-9148-602152E18928}.Release|x86.ActiveCfg = Release|Win32
		{5E8A3BAD-0BBA-4904-9148-602152E18928}.Release|x86.Build.0 = Release|Win32
		{5B3C100D-D02A-4A75-BEFD-9A3FB78F8CE9}.Debug|x64.ActiveCfg = Debug|x64
		{5B3C100D-D02A-4A75-BEFD-9A3FB78F8CE9}.Debug|x64.Build.0 = Debug|x64
		{5B3C100D-D02A-4A75-BEFD-9A3FB78F8CE9}.Debug|x86.ActiveCfg = Debug|Win32
		{5B3C100D-D02A-4A75-BEFD-9A3FB78F8CE9}.Debug|x86.Build.0 = Debug|Win32
		{5B3C100D-D02A-4A75-BEFD-9A3FB78F8CE9}.Release|x64.ActiveCfg = Release|x64
		{5B3C100D-D02A-4A75-BEFD-9A3FB78F8CE9}.Release|x64.Build.0 = Release|x64
		{5B3C100D-D02A-4A75-BEFD-9A3FB78F8CE9}.Release|x86.ActiveCfg = Release|Win32
		{5B3C100D-D02A-4A75-BEFD-9A3FB78F8CE9}.Release|x86.Build.0 = Release|Win32
		{DACAC3BF-712D-485A-A07E-DFD9E91BF036}.Debug|x64.ActiveCfg = Debug|x64
		{DACAC3BF-712D-485A-A07E-DFD9E91BF036}.Debug|x64.Build.0 = Debug|x64
		{DACAC3BF-712D-485A-A07E-DFD9E91BF036}.Debug|x86.ActiveCfg = Debug|Win32
		{DACAC3BF-712D-485A-A07E-DFD9E91BF036}.Debug|x86.Build.0 = Debug|Win32
		{DACAC3BF-712D-485A-A07E-DFD9E91BF036}.Release|x64.ActiveCfg = Release|x64
		{DACAC3BF-712D-485A-A07E-DFD9E91BF036}.Release|x64.Build.0 = Release|x64
		{DACAC3BF-712D-485A-A07E-DFD9E91BF036}.Release|x86.ActiveCfg = Release|Win32
		{DACAC3BF-712D-485A-A07E-DFD9E91BF036}.Release|x86.Build.0 = Release|Win32
		{EEB0F897-8887-4FD7-A2AC-E0540BD48D1F}.Debug|x64.ActiveCfg = Debug|x64
		{EEB0F897-8887-4FD7-A2AC-E0540BD48D1F}.Debug|x64.Build.0 = Debug|x64
		{EEB0F897-8887-4FD7-A2AC-E0540BD48D1F}.Debug|x86.ActiveCfg = Debug|Win32
		{EEB0F897-8887-4FD7-A2AC-E0540BD48D1F}.Debug|x86.Build.0 = Debug|Win32
		{EEB0F897-8887-4FD7-A2AC-E0540BD48D1F}.Release|x64.ActiveCfg = Release|x64
		{EEB0F897-8887-4FD7-A2AC-E0540BD48D1F}.Release|x64.Build.0 = Release|x64
		{EEB0F897-8887-4FD7-A2AC-E0540BD48D1F}.Release|x86.ActiveCfg = Release|Win32
		{EEB0F897-8887-4FD7-A2AC-E0540BD48D1F}.Release|x86.Build.0 = Release|Win32
		{72391F9F-C1F4-47EB-9159-0CA3C281D2A4}.Debug|x64.ActiveCfg = Debug|x64
		{72391F9F-C1F4-47EB-9159-0CA3C281D2A4}.Debug|x64.Build.0 = Debug|x64
		{72391F9F-C1F4-47EB-9159-0CA3C281D2A4}.Debug|x86.ActiveCfg = Debug|Win32
		{72391F9F-C1F4-47EB-9159-0CA3C281D2A4}.Debug|x86.Build.0 = Debug|Win32
		{72391F9F-C1F4-47EB-9159-0CA3C281D2A4}.Release|x64.ActiveCfg = Release|x64
		{72391F9F-C1F4-47EB-9159-0CA3C281D2A4}.Release|x64.Build.0 = Release|x64
		{72391F9F-C1F4-47EB-9159-0CA3C281D2A4}.Release|x86.ActiveCfg = Release|Win32
		{72391F9F-C1F4-47EB-9159-0CA3C281D2A4}.Release|x86.Build.0 = Release|Win32
		{E0C0B6BE-B161-4D80-B138-A5D40C9BC1BA}.Debug|x64.ActiveCfg = Debug|x64
		{E0C0B6BE-B161-4D80-B138-A5D40C9BC1BA}.Debug|x64.Build.0 = Debug|x64
		{E0C0B6BE-B161-4D80-B138-A5D40C9BC1BA}.Debug|x86.ActiveCfg = Debug|Win32
		{E0C0B6BE-B161-4D80-B138-A5D40C9BC1BA}.Debug|x86.Build.0 = Debug|Win32
		{E0C0B6BE-B161-4D80-B138-A5D40C9BC1BA}.Release|x64.ActiveCfg = Release|x64
		{E0C0B6BE-B161-4D80-B138-A5D40C9BC1BA}.Release|x64.Build.0 = Release|x64
		{E0C0B6BE-B161-4D80-B138-A5D40C9BC1BA}.Release|x86.ActiveCfg = Release|Win32
		{E0C0B6BE-B161-4D80-B138-A5D40C9BC1BA}.Release|x86.Build.0 = Release|Win32
	EndGlobalSection
	GlobalSection(SolutionProperties) = preSolution
		HideSolutionNode = FALSE
	EndGlobalSection
	GlobalSection(ExtensibilityGlobals) = postSolution
		SolutionGuid = {6E22294E-03FA-440B-9850-06B5A7E43CF7}
	EndGlobalSection
EndGlobal
