<?xml version="1.0" encoding="utf-8"?>
<Project ToolsVersion="4.0" xmlns="http://schemas.microsoft.com/developer/msbuild/2003">
  <ItemGroup>
    <Filter Include="01_App">
      <UniqueIdentifier>{b4797bc7-d0fe-4dc2-a7ac-0477f96cdbdb}</UniqueIdentifier>
    </Filter>
    <Filter Include="02_Mesh">
      <UniqueIdentifier>{b421e2e1-e5ba-442c-b1ae-1cda28cb16e5}</UniqueIdentifier>
    </Filter>
    <Filter Include="03_Shader">
      <UniqueIdentifier>{9bbcc4b7-240b-43de-8163-91dc3ab1a39c}</UniqueIdentifier>
    </Filter>
    <Filter Include="02_Mesh\Skeletal">
      <UniqueIdentifier>{472ae9bf-26e2-4ae4-859c-5ce8d37ef5f3}</UniqueIdentifier>
    </Filter>
    <Filter Include="02_Mesh\Static">
      <UniqueIdentifier>{7f050545-81cd-4f7d-a3ac-3695d58b1cd8}</UniqueIdentifier>
    </Filter>
  </ItemGroup>
  <ItemGroup>
    <ClCompile Include="SkinningAnimationApp.cpp">
      <Filter>01_App</Filter>
    </ClCompile>
    <ClCompile Include="Main.cpp">
      <Filter>01_App</Filter>
    </ClCompile>
    <ClCompile Include="Material.cpp">
      <Filter>02_Mesh</Filter>
    </ClCompile>
    <ClCompile Include="SkeletalMeshSection.cpp">
      <Filter>02_Mesh\Skeletal</Filter>
    </ClCompile>
    <ClCompile Include="SkeletalMesh.cpp">
      <Filter>02_Mesh\Skeletal</Filter>
    </ClCompile>
    <ClCompile Include="Animation.cpp">
      <Filter>02_Mesh\Skeletal</Filter>
    </ClCompile>
    <ClCompile Include="Skeleton.cpp">
      <Filter>02_Mesh\Skeletal</Filter>
    </ClCompile>
    <ClCompile Include="StaticMeshSection.cpp">
      <Filter>02_Mesh\Static</Filter>
    </ClCompile>
    <ClCompile Include="StaticMesh.cpp">
      <Filter>02_Mesh\Static</Filter>
    </ClCompile>
  </ItemGroup>
  <ItemGroup>
    <ClInclude Include="SkinningAnimationApp.h">
      <Filter>01_App</Filter>
    </ClInclude>
    <ClInclude Include="Material.h">
      <Filter>02_Mesh</Filter>
    </ClInclude>
    <ClInclude Include="SkeletalMeshSection.h">
      <Filter>02_Mesh\Skeletal</Filter>
    </ClInclude>
    <ClInclude Include="SkeletalMesh.h">
      <Filter>02_Mesh\Skeletal</Filter>
    </ClInclude>
    <ClInclude Include="Animation.h">
      <Filter>02_Mesh\Skeletal</Filter>
    </ClInclude>
    <ClInclude Include="Skeleton.h">
      <Filter>02_Mesh\Skeletal</Filter>
    </ClInclude>
    <ClInclude Include="StaticMeshSection.h">
      <Filter>02_Mesh\Static</Filter>
    </ClInclude>
    <ClInclude Include="StaticMesh.h">
      <Filter>02_Mesh\Static</Filter>
    </ClInclude>
  </ItemGroup>
  <ItemGroup>
    <FxCompile Include="BlinnPhongVertexShader.hlsl">
      <Filter>03_Shader</Filter>
    </FxCompile>
    <FxCompile Include="BlinnPhongPixelShader.hlsl">
      <Filter>03_Shader</Filter>
    </FxCompile>
  </ItemGroup>
  <ItemGroup>
    <None Include="Shared.hlsli">
      <Filter>03_Shader</Filter>
    </None>
  </ItemGroup>
</Project>